// !$*UTF8*$!
{
	archiveVersion = 1;
	classes = {
	};
	objectVersion = 46;
	objects = {

/* Begin PBXBuildFile section */
		A604F63A194F6C9300212D58 /* Foundation.framework in Frameworks */ = {isa = PBXBuildFile; fileRef = A604F639194F6C9300212D58 /* Foundation.framework */; };
		A604F63C194F6C9300212D58 /* CoreGraphics.framework in Frameworks */ = {isa = PBXBuildFile; fileRef = A604F63B194F6C9300212D58 /* CoreGraphics.framework */; };
		A604F63E194F6C9300212D58 /* UIKit.framework in Frameworks */ = {isa = PBXBuildFile; fileRef = A604F63D194F6C9300212D58 /* UIKit.framework */; };
		A604F644194F6C9300212D58 /* InfoPlist.strings in Resources */ = {isa = PBXBuildFile; fileRef = A604F642194F6C9300212D58 /* InfoPlist.strings */; };
		A604F646194F6C9300212D58 /* main.m in Sources */ = {isa = PBXBuildFile; fileRef = A604F645194F6C9300212D58 /* main.m */; };
		A604F64A194F6C9300212D58 /* MSAppDelegate.m in Sources */ = {isa = PBXBuildFile; fileRef = A604F649194F6C9300212D58 /* MSAppDelegate.m */; };
		A604F64D194F6C9300212D58 /* Main.storyboard in Resources */ = {isa = PBXBuildFile; fileRef = A604F64B194F6C9300212D58 /* Main.storyboard */; };
		A604F650194F6C9300212D58 /* MSViewController.m in Sources */ = {isa = PBXBuildFile; fileRef = A604F64F194F6C9300212D58 /* MSViewController.m */; };
		A604F652194F6C9300212D58 /* Images.xcassets in Resources */ = {isa = PBXBuildFile; fileRef = A604F651194F6C9300212D58 /* Images.xcassets */; };
		A604F659194F6C9400212D58 /* XCTest.framework in Frameworks */ = {isa = PBXBuildFile; fileRef = A604F658194F6C9400212D58 /* XCTest.framework */; };
		A604F65A194F6C9400212D58 /* Foundation.framework in Frameworks */ = {isa = PBXBuildFile; fileRef = A604F639194F6C9300212D58 /* Foundation.framework */; };
		A604F65B194F6C9400212D58 /* UIKit.framework in Frameworks */ = {isa = PBXBuildFile; fileRef = A604F63D194F6C9300212D58 /* UIKit.framework */; };
		A604F663194F6C9400212D58 /* InfoPlist.strings in Resources */ = {isa = PBXBuildFile; fileRef = A604F661194F6C9400212D58 /* InfoPlist.strings */; };
		A604F665194F6C9400212D58 /* MachineStateTests.m in Sources */ = {isa = PBXBuildFile; fileRef = A604F664194F6C9400212D58 /* MachineStateTests.m */; };
/* End PBXBuildFile section */

/* Begin PBXContainerItemProxy section */
		A604F65C194F6C9400212D58 /* PBXContainerItemProxy */ = {
			isa = PBXContainerItemProxy;
			containerPortal = A604F62E194F6C9300212D58 /* Project object */;
			proxyType = 1;
			remoteGlobalIDString = A604F635194F6C9300212D58;
			remoteInfo = MachineState;
		};
/* End PBXContainerItemProxy section */

/* Begin PBXFileReference section */
		A604F636194F6C9300212D58 /* MachineState.app */ = {isa = PBXFileReference; explicitFileType = wrapper.application; includeInIndex = 0; path = MachineState.app; sourceTree = BUILT_PRODUCTS_DIR; };
		A604F639194F6C9300212D58 /* Foundation.framework */ = {isa = PBXFileReference; lastKnownFileType = wrapper.framework; name = Foundation.framework; path = System/Library/Frameworks/Foundation.framework; sourceTree = SDKROOT; };
		A604F63B194F6C9300212D58 /* CoreGraphics.framework */ = {isa = PBXFileReference; lastKnownFileType = wrapper.framework; name = CoreGraphics.framework; path = System/Library/Frameworks/CoreGraphics.framework; sourceTree = SDKROOT; };
		A604F63D194F6C9300212D58 /* UIKit.framework */ = {isa = PBXFileReference; lastKnownFileType = wrapper.framework; name = UIKit.framework; path = System/Library/Frameworks/UIKit.framework; sourceTree = SDKROOT; };
		A604F641194F6C9300212D58 /* MachineState-Info.plist */ = {isa = PBXFileReference; lastKnownFileType = text.plist.xml; path = "MachineState-Info.plist"; sourceTree = "<group>"; };
		A604F643194F6C9300212D58 /* en */ = {isa = PBXFileReference; lastKnownFileType = text.plist.strings; name = en; path = en.lproj/InfoPlist.strings; sourceTree = "<group>"; };
		A604F645194F6C9300212D58 /* main.m */ = {isa = PBXFileReference; lastKnownFileType = sourcecode.c.objc; path = main.m; sourceTree = "<group>"; };
		A604F647194F6C9300212D58 /* MachineState-Prefix.pch */ = {isa = PBXFileReference; lastKnownFileType = sourcecode.c.h; path = "MachineState-Prefix.pch"; sourceTree = "<group>"; };
		A604F648194F6C9300212D58 /* MSAppDelegate.h */ = {isa = PBXFileReference; lastKnownFileType = sourcecode.c.h; path = MSAppDelegate.h; sourceTree = "<group>"; };
		A604F649194F6C9300212D58 /* MSAppDelegate.m */ = {isa = PBXFileReference; lastKnownFileType = sourcecode.c.objc; path = MSAppDelegate.m; sourceTree = "<group>"; };
		A604F64C194F6C9300212D58 /* Base */ = {isa = PBXFileReference; lastKnownFileType = file.storyboard; name = Base; path = Base.lproj/Main.storyboard; sourceTree = "<group>"; };
		A604F64E194F6C9300212D58 /* MSViewController.h */ = {isa = PBXFileReference; lastKnownFileType = sourcecode.c.h; path = MSViewController.h; sourceTree = "<group>"; };
		A604F64F194F6C9300212D58 /* MSViewController.m */ = {isa = PBXFileReference; lastKnownFileType = sourcecode.c.objc; path = MSViewController.m; sourceTree = "<group>"; };
		A604F651194F6C9300212D58 /* Images.xcassets */ = {isa = PBXFileReference; lastKnownFileType = folder.assetcatalog; path = Images.xcassets; sourceTree = "<group>"; };
		A604F657194F6C9400212D58 /* MachineStateTests.xctest */ = {isa = PBXFileReference; explicitFileType = wrapper.cfbundle; includeInIndex = 0; path = MachineStateTests.xctest; sourceTree = BUILT_PRODUCTS_DIR; };
		A604F658194F6C9400212D58 /* XCTest.framework */ = {isa = PBXFileReference; lastKnownFileType = wrapper.framework; name = XCTest.framework; path = Library/Frameworks/XCTest.framework; sourceTree = DEVELOPER_DIR; };
		A604F660194F6C9400212D58 /* MachineStateTests-Info.plist */ = {isa = PBXFileReference; lastKnownFileType = text.plist.xml; path = "MachineStateTests-Info.plist"; sourceTree = "<group>"; };
		A604F662194F6C9400212D58 /* en */ = {isa = PBXFileReference; lastKnownFileType = text.plist.strings; name = en; path = en.lproj/InfoPlist.strings; sourceTree = "<group>"; };
		A604F664194F6C9400212D58 /* MachineStateTests.m */ = {isa = PBXFileReference; lastKnownFileType = sourcecode.c.objc; path = MachineStateTests.m; sourceTree = "<group>"; };
/* End PBXFileReference section */

/* Begin PBXFrameworksBuildPhase section */
		A604F633194F6C9300212D58 /* Frameworks */ = {
			isa = PBXFrameworksBuildPhase;
			buildActionMask = 2147483647;
			files = (
				A604F63C194F6C9300212D58 /* CoreGraphics.framework in Frameworks */,
				A604F63E194F6C9300212D58 /* UIKit.framework in Frameworks */,
				A604F63A194F6C9300212D58 /* Foundation.framework in Frameworks */,
			);
			runOnlyForDeploymentPostprocessing = 0;
		};
		A604F654194F6C9400212D58 /* Frameworks */ = {
			isa = PBXFrameworksBuildPhase;
			buildActionMask = 2147483647;
			files = (
				A604F659194F6C9400212D58 /* XCTest.framework in Frameworks */,
				A604F65B194F6C9400212D58 /* UIKit.framework in Frameworks */,
				A604F65A194F6C9400212D58 /* Foundation.framework in Frameworks */,
			);
			runOnlyForDeploymentPostprocessing = 0;
		};
/* End PBXFrameworksBuildPhase section */

/* Begin PBXGroup section */
		A604F62D194F6C9300212D58 = {
			isa = PBXGroup;
			children = (
				A604F63F194F6C9300212D58 /* MachineState */,
				A604F65E194F6C9400212D58 /* MachineStateTests */,
				A604F638194F6C9300212D58 /* Frameworks */,
				A604F637194F6C9300212D58 /* Products */,
			);
			sourceTree = "<group>";
		};
		A604F637194F6C9300212D58 /* Products */ = {
			isa = PBXGroup;
			children = (
				A604F636194F6C9300212D58 /* MachineState.app */,
				A604F657194F6C9400212D58 /* MachineStateTests.xctest */,
			);
			name = Products;
			sourceTree = "<group>";
		};
		A604F638194F6C9300212D58 /* Frameworks */ = {
			isa = PBXGroup;
			children = (
				A604F639194F6C9300212D58 /* Foundation.framework */,
				A604F63B194F6C9300212D58 /* CoreGraphics.framework */,
				A604F63D194F6C9300212D58 /* UIKit.framework */,
				A604F658194F6C9400212D58 /* XCTest.framework */,
			);
			name = Frameworks;
			sourceTree = "<group>";
		};
		A604F63F194F6C9300212D58 /* MachineState */ = {
			isa = PBXGroup;
			children = (
				A604F648194F6C9300212D58 /* MSAppDelegate.h */,
				A604F649194F6C9300212D58 /* MSAppDelegate.m */,
				A604F64B194F6C9300212D58 /* Main.storyboard */,
				A604F64E194F6C9300212D58 /* MSViewController.h */,
				A604F64F194F6C9300212D58 /* MSViewController.m */,
				A604F651194F6C9300212D58 /* Images.xcassets */,
				A604F640194F6C9300212D58 /* Supporting Files */,
			);
			path = MachineState;
			sourceTree = "<group>";
		};
		A604F640194F6C9300212D58 /* Supporting Files */ = {
			isa = PBXGroup;
			children = (
				A604F641194F6C9300212D58 /* MachineState-Info.plist */,
				A604F642194F6C9300212D58 /* InfoPlist.strings */,
				A604F645194F6C9300212D58 /* main.m */,
				A604F647194F6C9300212D58 /* MachineState-Prefix.pch */,
			);
			name = "Supporting Files";
			sourceTree = "<group>";
		};
		A604F65E194F6C9400212D58 /* MachineStateTests */ = {
			isa = PBXGroup;
			children = (
				A604F664194F6C9400212D58 /* MachineStateTests.m */,
				A604F65F194F6C9400212D58 /* Supporting Files */,
			);
			path = MachineStateTests;
			sourceTree = "<group>";
		};
		A604F65F194F6C9400212D58 /* Supporting Files */ = {
			isa = PBXGroup;
			children = (
				A604F660194F6C9400212D58 /* MachineStateTests-Info.plist */,
				A604F661194F6C9400212D58 /* InfoPlist.strings */,
			);
			name = "Supporting Files";
			sourceTree = "<group>";
		};
/* End PBXGroup section */

/* Begin PBXNativeTarget section */
		A604F635194F6C9300212D58 /* MachineState */ = {
			isa = PBXNativeTarget;
			buildConfigurationList = A604F668194F6C9400212D58 /* Build configuration list for PBXNativeTarget "MachineState" */;
			buildPhases = (
				A604F632194F6C9300212D58 /* Sources */,
				A604F633194F6C9300212D58 /* Frameworks */,
				A604F634194F6C9300212D58 /* Resources */,
			);
			buildRules = (
			);
			dependencies = (
			);
			name = MachineState;
			productName = MachineState;
			productReference = A604F636194F6C9300212D58 /* MachineState.app */;
			productType = "com.apple.product-type.application";
		};
		A604F656194F6C9400212D58 /* MachineStateTests */ = {
			isa = PBXNativeTarget;
			buildConfigurationList = A604F66B194F6C9400212D58 /* Build configuration list for PBXNativeTarget "MachineStateTests" */;
			buildPhases = (
				A604F653194F6C9400212D58 /* Sources */,
				A604F654194F6C9400212D58 /* Frameworks */,
				A604F655194F6C9400212D58 /* Resources */,
			);
			buildRules = (
			);
			dependencies = (
				A604F65D194F6C9400212D58 /* PBXTargetDependency */,
			);
			name = MachineStateTests;
			productName = MachineStateTests;
			productReference = A604F657194F6C9400212D58 /* MachineStateTests.xctest */;
			productType = "com.apple.product-type.bundle.unit-test";
		};
/* End PBXNativeTarget section */

/* Begin PBXProject section */
		A604F62E194F6C9300212D58 /* Project object */ = {
			isa = PBXProject;
			attributes = {
				CLASSPREFIX = MS;
				LastUpgradeCheck = 0510;
				ORGANIZATIONNAME = rentpath;
				TargetAttributes = {
					A604F656194F6C9400212D58 = {
						TestTargetID = A604F635194F6C9300212D58;
					};
				};
			};
			buildConfigurationList = A604F631194F6C9300212D58 /* Build configuration list for PBXProject "MachineState" */;
			compatibilityVersion = "Xcode 3.2";
			developmentRegion = English;
			hasScannedForEncodings = 0;
			knownRegions = (
				en,
				Base,
			);
			mainGroup = A604F62D194F6C9300212D58;
			productRefGroup = A604F637194F6C9300212D58 /* Products */;
			projectDirPath = "";
			projectRoot = "";
			targets = (
				A604F635194F6C9300212D58 /* MachineState */,
				A604F656194F6C9400212D58 /* MachineStateTests */,
			);
		};
/* End PBXProject section */

/* Begin PBXResourcesBuildPhase section */
		A604F634194F6C9300212D58 /* Resources */ = {
			isa = PBXResourcesBuildPhase;
			buildActionMask = 2147483647;
			files = (
				A604F652194F6C9300212D58 /* Images.xcassets in Resources */,
				A604F644194F6C9300212D58 /* InfoPlist.strings in Resources */,
				A604F64D194F6C9300212D58 /* Main.storyboard in Resources */,
			);
			runOnlyForDeploymentPostprocessing = 0;
		};
		A604F655194F6C9400212D58 /* Resources */ = {
			isa = PBXResourcesBuildPhase;
			buildActionMask = 2147483647;
			files = (
				A604F663194F6C9400212D58 /* InfoPlist.strings in Resources */,
			);
			runOnlyForDeploymentPostprocessing = 0;
		};
/* End PBXResourcesBuildPhase section */

/* Begin PBXSourcesBuildPhase section */
		A604F632194F6C9300212D58 /* Sources */ = {
			isa = PBXSourcesBuildPhase;
			buildActionMask = 2147483647;
			files = (
				A604F64A194F6C9300212D58 /* MSAppDelegate.m in Sources */,
				A604F650194F6C9300212D58 /* MSViewController.m in Sources */,
				A604F646194F6C9300212D58 /* main.m in Sources */,
			);
			runOnlyForDeploymentPostprocessing = 0;
		};
		A604F653194F6C9400212D58 /* Sources */ = {
			isa = PBXSourcesBuildPhase;
			buildActionMask = 2147483647;
			files = (
				A604F665194F6C9400212D58 /* MachineStateTests.m in Sources */,
			);
			runOnlyForDeploymentPostprocessing = 0;
		};
/* End PBXSourcesBuildPhase section */

/* Begin PBXTargetDependency section */
		A604F65D194F6C9400212D58 /* PBXTargetDependency */ = {
			isa = PBXTargetDependency;
			target = A604F635194F6C9300212D58 /* MachineState */;
			targetProxy = A604F65C194F6C9400212D58 /* PBXContainerItemProxy */;
		};
/* End PBXTargetDependency section */

/* Begin PBXVariantGroup section */
		A604F642194F6C9300212D58 /* InfoPlist.strings */ = {
			isa = PBXVariantGroup;
			children = (
				A604F643194F6C9300212D58 /* en */,
			);
			name = InfoPlist.strings;
			sourceTree = "<group>";
		};
		A604F64B194F6C9300212D58 /* Main.storyboard */ = {
			isa = PBXVariantGroup;
			children = (
				A604F64C194F6C9300212D58 /* Base */,
			);
			name = Main.storyboard;
			sourceTree = "<group>";
		};
		A604F661194F6C9400212D58 /* InfoPlist.strings */ = {
			isa = PBXVariantGroup;
			children = (
				A604F662194F6C9400212D58 /* en */,
			);
			name = InfoPlist.strings;
			sourceTree = "<group>";
		};
/* End PBXVariantGroup section */

/* Begin XCBuildConfiguration section */
		A604F666194F6C9400212D58 /* Debug */ = {
			isa = XCBuildConfiguration;
			buildSettings = {
				ALWAYS_SEARCH_USER_PATHS = NO;
				CLANG_CXX_LANGUAGE_STANDARD = "gnu++0x";
				CLANG_CXX_LIBRARY = "libc++";
				CLANG_ENABLE_MODULES = YES;
				CLANG_ENABLE_OBJC_ARC = YES;
				CLANG_WARN_BOOL_CONVERSION = YES;
				CLANG_WARN_CONSTANT_CONVERSION = YES;
				CLANG_WARN_DIRECT_OBJC_ISA_USAGE = YES_ERROR;
				CLANG_WARN_EMPTY_BODY = YES;
				CLANG_WARN_ENUM_CONVERSION = YES;
				CLANG_WARN_INT_CONVERSION = YES;
				CLANG_WARN_OBJC_ROOT_CLASS = YES_ERROR;
				CLANG_WARN__DUPLICATE_METHOD_MATCH = YES;
				"CODE_SIGN_IDENTITY[sdk=iphoneos*]" = "iPhone Developer";
				COPY_PHASE_STRIP = NO;
				GCC_C_LANGUAGE_STANDARD = gnu99;
				GCC_DYNAMIC_NO_PIC = NO;
				GCC_OPTIMIZATION_LEVEL = 0;
				GCC_PREPROCESSOR_DEFINITIONS = (
					"DEBUG=1",
					"$(inherited)",
				);
				GCC_SYMBOLS_PRIVATE_EXTERN = NO;
				GCC_WARN_64_TO_32_BIT_CONVERSION = YES;
				GCC_WARN_ABOUT_RETURN_TYPE = YES_ERROR;
				GCC_WARN_UNDECLARED_SELECTOR = YES;
				GCC_WARN_UNINITIALIZED_AUTOS = YES_AGGRESSIVE;
				GCC_WARN_UNUSED_FUNCTION = YES;
				GCC_WARN_UNUSED_VARIABLE = YES;
				IPHONEOS_DEPLOYMENT_TARGET = 7.1;
				ONLY_ACTIVE_ARCH = YES;
				SDKROOT = iphoneos;
			};
			name = Debug;
		};
		A604F667194F6C9400212D58 /* Release */ = {
			isa = XCBuildConfiguration;
			buildSettings = {
				ALWAYS_SEARCH_USER_PATHS = NO;
				CLANG_CXX_LANGUAGE_STANDARD = "gnu++0x";
				CLANG_CXX_LIBRARY = "libc++";
				CLANG_ENABLE_MODULES = YES;
				CLANG_ENABLE_OBJC_ARC = YES;
				CLANG_WARN_BOOL_CONVERSION = YES;
				CLANG_WARN_CONSTANT_CONVERSION = YES;
				CLANG_WARN_DIRECT_OBJC_ISA_USAGE = YES_ERROR;
				CLANG_WARN_EMPTY_BODY = YES;
				CLANG_WARN_ENUM_CONVERSION = YES;
				CLANG_WARN_INT_CONVERSION = YES;
				CLANG_WARN_OBJC_ROOT_CLASS = YES_ERROR;
				CLANG_WARN__DUPLICATE_METHOD_MATCH = YES;
				"CODE_SIGN_IDENTITY[sdk=iphoneos*]" = "iPhone Developer";
				COPY_PHASE_STRIP = YES;
				ENABLE_NS_ASSERTIONS = NO;
				GCC_C_LANGUAGE_STANDARD = gnu99;
				GCC_WARN_64_TO_32_BIT_CONVERSION = YES;
				GCC_WARN_ABOUT_RETURN_TYPE = YES_ERROR;
				GCC_WARN_UNDECLARED_SELECTOR = YES;
				GCC_WARN_UNINITIALIZED_AUTOS = YES_AGGRESSIVE;
				GCC_WARN_UNUSED_FUNCTION = YES;
				GCC_WARN_UNUSED_VARIABLE = YES;
				IPHONEOS_DEPLOYMENT_TARGET = 7.1;
				SDKROOT = iphoneos;
				VALIDATE_PRODUCT = YES;
			};
			name = Release;
		};
		A604F669194F6C9400212D58 /* Debug */ = {
			isa = XCBuildConfiguration;
			buildSettings = {
				ASSETCATALOG_COMPILER_APPICON_NAME = AppIcon;
				ASSETCATALOG_COMPILER_LAUNCHIMAGE_NAME = LaunchImage;
				GCC_PRECOMPILE_PREFIX_HEADER = YES;
				GCC_PREFIX_HEADER = "MachineState/MachineState-Prefix.pch";
				INFOPLIST_FILE = "MachineState/MachineState-Info.plist";
				PRODUCT_NAME = "$(TARGET_NAME)";
				WRAPPER_EXTENSION = app;
			};
			name = Debug;
		};
		A604F66A194F6C9400212D58 /* Release */ = {
			isa = XCBuildConfiguration;
			buildSettings = {
				ASSETCATALOG_COMPILER_APPICON_NAME = AppIcon;
				ASSETCATALOG_COMPILER_LAUNCHIMAGE_NAME = LaunchImage;
				GCC_PRECOMPILE_PREFIX_HEADER = YES;
				GCC_PREFIX_HEADER = "MachineState/MachineState-Prefix.pch";
				INFOPLIST_FILE = "MachineState/MachineState-Info.plist";
				PRODUCT_NAME = "$(TARGET_NAME)";
				WRAPPER_EXTENSION = app;
			};
			name = Release;
		};
		A604F66C194F6C9400212D58 /* Debug */ = {
			isa = XCBuildConfiguration;
			buildSettings = {
				BUNDLE_LOADER = "$(BUILT_PRODUCTS_DIR)/MachineState.app/MachineState";
				FRAMEWORK_SEARCH_PATHS = (
					"$(SDKROOT)/Developer/Library/Frameworks",
					"$(inherited)",
					"$(DEVELOPER_FRAMEWORKS_DIR)",
				);
				GCC_PRECOMPILE_PREFIX_HEADER = YES;
				GCC_PREFIX_HEADER = "MachineState/MachineState-Prefix.pch";
				GCC_PREPROCESSOR_DEFINITIONS = (
					"DEBUG=1",
					"$(inherited)",
				);
				INFOPLIST_FILE = "MachineStateTests/MachineStateTests-Info.plist";
				PRODUCT_NAME = "$(TARGET_NAME)";
				TEST_HOST = "$(BUNDLE_LOADER)";
				WRAPPER_EXTENSION = xctest;
			};
			name = Debug;
		};
		A604F66D194F6C9400212D58 /* Release */ = {
			isa = XCBuildConfiguration;
			buildSettings = {
				BUNDLE_LOADER = "$(BUILT_PRODUCTS_DIR)/MachineState.app/MachineState";
				FRAMEWORK_SEARCH_PATHS = (
					"$(SDKROOT)/Developer/Library/Frameworks",
					"$(inherited)",
					"$(DEVELOPER_FRAMEWORKS_DIR)",
				);
				GCC_PRECOMPILE_PREFIX_HEADER = YES;
				GCC_PREFIX_HEADER = "MachineState/MachineState-Prefix.pch";
				INFOPLIST_FILE = "MachineStateTests/MachineStateTests-Info.plist";
				PRODUCT_NAME = "$(TARGET_NAME)";
				TEST_HOST = "$(BUNDLE_LOADER)";
				WRAPPER_EXTENSION = xctest;
			};
			name = Release;
		};
/* End XCBuildConfiguration section */

/* Begin XCConfigurationList section */
		A604F631194F6C9300212D58 /* Build configuration list for PBXProject "MachineState" */ = {
			isa = XCConfigurationList;
			buildConfigurations = (
				A604F666194F6C9400212D58 /* Debug */,
				A604F667194F6C9400212D58 /* Release */,
			);
			defaultConfigurationIsVisible = 0;
			defaultConfigurationName = Release;
		};
		A604F668194F6C9400212D58 /* Build configuration list for PBXNativeTarget "MachineState" */ = {
			isa = XCConfigurationList;
			buildConfigurations = (
				A604F669194F6C9400212D58 /* Debug */,
				A604F66A194F6C9400212D58 /* Release */,
			);
			defaultConfigurationIsVisible = 0;
		};
		A604F66B194F6C9400212D58 /* Build configuration list for PBXNativeTarget "MachineStateTests" */ = {
			isa = XCConfigurationList;
			buildConfigurations = (
				A604F66C194F6C9400212D58 /* Debug */,
				A604F66D194F6C9400212D58 /* Release */,
			);
			defaultConfigurationIsVisible = 0;
		};
/* End XCConfigurationList section */
	};
	rootObject = A604F62E194F6C9300212D58 /* Project object */;
}
